{
  "name": "project",
  "version": "1.0.0",
  "lockfileVersion": 3,
  "requires": true,
  "packages": {
    "": {
      "name": "project",
      "version": "1.0.0",
      "license": "ISC",
      "devDependencies": {
        "@btonasse/suitescript-types": "^2.3.0"
      }
    },
    "node_modules/@btonasse/suitescript-types": {
      "version": "2.3.0",
      "resolved": "https://registry.npmjs.org/@btonasse/suitescript-types/-/suitescript-types-2.3.0.tgz",
      "integrity": "sha512-h3f0ZztthkfHKmgXoWNiS64R8qpLcQjcwJKXptQyuH7IC3/8LOKQaOFoKiIvRbQE6LejLniD44SynHGjkBXvYw==",
      "dev": true,
      "license": "MIT"
    }
  }
}
